
Microsoft Visual Studio Solution File, Format Version 12.00
# Visual Studio Version 17
VisualStudioVersion = 17.11.35327.3
MinimumVisualStudioVersion = 10.0.40219.1
Project("{FAE04EC0-301F-11D3-BF4B-00C04F79EFBC}") = "Assignment 1.3.2", "Assignment 1.3.2.csproj", "{ED307731-A698-4148-8BCB-D0AF84685A92}"
EndProject
Global
	GlobalSection(SolutionConfigurationPlatforms) = preSolution
		Debug|Any CPU = Debug|Any CPU
		Release|Any CPU = Release|Any CPU
	EndGlobalSection
	GlobalSection(ProjectConfigurationPlatforms) = postSolution
		{ED307731-A698-4148-8BCB-D0AF84685A92}.Debug|Any CPU.ActiveCfg = Debug|Any CPU
		{ED307731-A698-4148-8BCB-D0AF84685A92}.Debug|Any CPU.Build.0 = Debug|Any CPU
		{ED307731-A698-4148-8BCB-D0AF84685A92}.Release|Any CPU.ActiveCfg = Release|Any CPU
		{ED307731-A698-4148-8BCB-D0AF84685A92}.Release|Any CPU.Build.0 = Release|Any CPU
	EndGlobalSection
	GlobalSection(SolutionProperties) = preSolution
		HideSolutionNode = FALSE
	EndGlobalSection
	GlobalSection(ExtensibilityGlobals) = postSolution
		SolutionGuid = {1D2490C1-E8A3-4544-8605-653CFFE6A801}
	EndGlobalSection
EndGlobal
